dependencies:
- name: order-service
  repository: file://../backend/app/order-service/deployment
  version: 0.1.0
- name: order-gateway
  repository: file://../backend/app/order-gateway/deployment
  version: 0.1.0
- name: order-admin-web-app
  repository: file://../frontend/app/order-admin-web-app/deployment
  version: 0.1.0
digest: sha256:5593776e30305c95273971e031c33ae95441c647d8a667886b76005bb40fd227
generated: "2026-06-05T23:30:26.098290844+02:00"
