dependencies:
- name: postgres
  repository: file://../postgres/deployment
  version: 0.1.0
- name: liquibase
  repository: file://../liquibase/deployment
  version: 0.1.1
- name: minio
  repository: file://../minio/deployment
  version: 0.1.0
digest: sha256:b88d39060275c7db329ddd4f3fd2cc82db847304a0141b3aaf283c396e50a61d
generated: "2026-05-23T09:16:54.555298487+02:00"
